// !$*UTF8*$!
{
	archiveVersion = 1;
	classes = {
	};
	objectVersion = 50;
	objects = {

/* Begin PBXBuildFile section */
		22174F7821C923F000F4067C /* AppDelegate.swift in Sources */ = {isa = PBXBuildFile; fileRef = 22174F7721C923F000F4067C /* AppDelegate.swift */; };
		22174F7A21C923F000F4067C /* art.scnassets in Resources */ = {isa = PBXBuildFile; fileRef = 22174F7921C923F000F4067C /* art.scnassets */; };
		22174F7C21C923F000F4067C /* ViewController.swift in Sources */ = {isa = PBXBuildFile; fileRef = 22174F7B21C923F000F4067C /* ViewController.swift */; };
		22174F7F21C923F000F4067C /* Main.storyboard in Resources */ = {isa = PBXBuildFile; fileRef = 22174F7D21C923F000F4067C /* Main.storyboard */; };
		22174F8121C923F200F4067C /* Assets.xcassets in Resources */ = {isa = PBXBuildFile; fileRef = 22174F8021C923F200F4067C /* Assets.xcassets */; };
		22174F8421C923F200F4067C /* LaunchScreen.storyboard in Resources */ = {isa = PBXBuildFile; fileRef = 22174F8221C923F200F4067C /* LaunchScreen.storyboard */; };
		22174F8F21C923F300F4067C /* TaskManagARTests.swift in Sources */ = {isa = PBXBuildFile; fileRef = 22174F8E21C923F300F4067C /* TaskManagARTests.swift */; };
		22174F9A21C923F300F4067C /* TaskManagARUITests.swift in Sources */ = {isa = PBXBuildFile; fileRef = 22174F9921C923F300F4067C /* TaskManagARUITests.swift */; };
		224C07CE220066B50021EBE5 /* Position_estimate.swift in Sources */ = {isa = PBXBuildFile; fileRef = 224C07CD220066B50021EBE5 /* Position_estimate.swift */; };
		227EE02D21C94E3A006B19F0 /* Foundation.framework in Frameworks */ = {isa = PBXBuildFile; fileRef = 227EE02C21C94E3A006B19F0 /* Foundation.framework */; };
		227EE02F21C94E42006B19F0 /* UIKit.framework in Frameworks */ = {isa = PBXBuildFile; fileRef = 227EE02E21C94E42006B19F0 /* UIKit.framework */; };
		227EE03121C94E4A006B19F0 /* QuartzCore.framework in Frameworks */ = {isa = PBXBuildFile; fileRef = 227EE03021C94E4A006B19F0 /* QuartzCore.framework */; };
		227EE03321C94E52006B19F0 /* CoreVideo.framework in Frameworks */ = {isa = PBXBuildFile; fileRef = 227EE03221C94E52006B19F0 /* CoreVideo.framework */; };
		227EE03521C94E5B006B19F0 /* CoreMedia.framework in Frameworks */ = {isa = PBXBuildFile; fileRef = 227EE03421C94E5B006B19F0 /* CoreMedia.framework */; };
		227EE03721C94E64006B19F0 /* CoreImage.framework in Frameworks */ = {isa = PBXBuildFile; fileRef = 227EE03621C94E64006B19F0 /* CoreImage.framework */; };
		227EE03921C94E6C006B19F0 /* CoreGraphics.framework in Frameworks */ = {isa = PBXBuildFile; fileRef = 227EE03821C94E6C006B19F0 /* CoreGraphics.framework */; };
		227EE03B21C94E74006B19F0 /* AVFoundation.framework in Frameworks */ = {isa = PBXBuildFile; fileRef = 227EE03A21C94E74006B19F0 /* AVFoundation.framework */; };
		227EE03D21C94E7B006B19F0 /* AssetsLibrary.framework in Frameworks */ = {isa = PBXBuildFile; fileRef = 227EE03C21C94E7B006B19F0 /* AssetsLibrary.framework */; };
		227EE03F21C94E82006B19F0 /* Accelerate.framework in Frameworks */ = {isa = PBXBuildFile; fileRef = 227EE03E21C94E82006B19F0 /* Accelerate.framework */; };
		22C584F921E64C9600ADEAB6 /* Tray.swift in Sources */ = {isa = PBXBuildFile; fileRef = 22C584F821E64C9600ADEAB6 /* Tray.swift */; };
		22C584FB21E6554600ADEAB6 /* 123.scn in Resources */ = {isa = PBXBuildFile; fileRef = 22C584FA21E6554600ADEAB6 /* 123.scn */; };
		22E25AE2220B219500860734 /* opencv2.framework in Frameworks */ = {isa = PBXBuildFile; fileRef = 22E25AE1220B219500860734 /* opencv2.framework */; };
		22E25AE4220B21BB00860734 /* OpenCVWrapper .mm in Sources */ = {isa = PBXBuildFile; fileRef = 22E25AE3220B21BB00860734 /* OpenCVWrapper .mm */; };
/* End PBXBuildFile section */

/* Begin PBXContainerItemProxy section */
		22174F8B21C923F300F4067C /* PBXContainerItemProxy */ = {
			isa = PBXContainerItemProxy;
			containerPortal = 22174F6C21C923F000F4067C /* Project object */;
			proxyType = 1;
			remoteGlobalIDString = 22174F7321C923F000F4067C;
			remoteInfo = TaskManagAR;
		};
		22174F9621C923F300F4067C /* PBXContainerItemProxy */ = {
			isa = PBXContainerItemProxy;
			containerPortal = 22174F6C21C923F000F4067C /* Project object */;
			proxyType = 1;
			remoteGlobalIDString = 22174F7321C923F000F4067C;
			remoteInfo = TaskManagAR;
		};
/* End PBXContainerItemProxy section */

/* Begin PBXFileReference section */
		22174F7421C923F000F4067C /* TaskManagAR.app */ = {isa = PBXFileReference; explicitFileType = wrapper.application; includeInIndex = 0; path = TaskManagAR.app; sourceTree = BUILT_PRODUCTS_DIR; };
		22174F7721C923F000F4067C /* AppDelegate.swift */ = {isa = PBXFileReference; lastKnownFileType = sourcecode.swift; path = AppDelegate.swift; sourceTree = "<group>"; };
		22174F7921C923F000F4067C /* art.scnassets */ = {isa = PBXFileReference; lastKnownFileType = wrapper.scnassets; path = art.scnassets; sourceTree = "<group>"; };
		22174F7B21C923F000F4067C /* ViewController.swift */ = {isa = PBXFileReference; lastKnownFileType = sourcecode.swift; path = ViewController.swift; sourceTree = "<group>"; };
		22174F7E21C923F000F4067C /* Base */ = {isa = PBXFileReference; lastKnownFileType = file.storyboard; name = Base; path = Base.lproj/Main.storyboard; sourceTree = "<group>"; };
		22174F8021C923F200F4067C /* Assets.xcassets */ = {isa = PBXFileReference; lastKnownFileType = folder.assetcatalog; path = Assets.xcassets; sourceTree = "<group>"; };
		22174F8321C923F200F4067C /* Base */ = {isa = PBXFileReference; lastKnownFileType = file.storyboard; name = Base; path = Base.lproj/LaunchScreen.storyboard; sourceTree = "<group>"; };
		22174F8521C923F200F4067C /* Info.plist */ = {isa = PBXFileReference; lastKnownFileType = text.plist.xml; path = Info.plist; sourceTree = "<group>"; };
		22174F8A21C923F300F4067C /* TaskManagARTests.xctest */ = {isa = PBXFileReference; explicitFileType = wrapper.cfbundle; includeInIndex = 0; path = TaskManagARTests.xctest; sourceTree = BUILT_PRODUCTS_DIR; };
		22174F8E21C923F300F4067C /* TaskManagARTests.swift */ = {isa = PBXFileReference; lastKnownFileType = sourcecode.swift; path = TaskManagARTests.swift; sourceTree = "<group>"; };
		22174F9021C923F300F4067C /* Info.plist */ = {isa = PBXFileReference; lastKnownFileType = text.plist.xml; path = Info.plist; sourceTree = "<group>"; };
		22174F9521C923F300F4067C /* TaskManagARUITests.xctest */ = {isa = PBXFileReference; explicitFileType = wrapper.cfbundle; includeInIndex = 0; path = TaskManagARUITests.xctest; sourceTree = BUILT_PRODUCTS_DIR; };
		22174F9921C923F300F4067C /* TaskManagARUITests.swift */ = {isa = PBXFileReference; lastKnownFileType = sourcecode.swift; path = TaskManagARUITests.swift; sourceTree = "<group>"; };
		22174F9B21C923F300F4067C /* Info.plist */ = {isa = PBXFileReference; lastKnownFileType = text.plist.xml; path = Info.plist; sourceTree = "<group>"; };
		224C07CD220066B50021EBE5 /* Position_estimate.swift */ = {isa = PBXFileReference; lastKnownFileType = sourcecode.swift; path = Position_estimate.swift; sourceTree = "<group>"; };
		227EE02521C94D87006B19F0 /* TaskManagAR-Bridging-Header.h */ = {isa = PBXFileReference; lastKnownFileType = sourcecode.c.h; path = "TaskManagAR-Bridging-Header.h"; sourceTree = "<group>"; };
		227EE02C21C94E3A006B19F0 /* Foundation.framework */ = {isa = PBXFileReference; lastKnownFileType = wrapper.framework; name = Foundation.framework; path = System/Library/Frameworks/Foundation.framework; sourceTree = SDKROOT; };
		227EE02E21C94E42006B19F0 /* UIKit.framework */ = {isa = PBXFileReference; lastKnownFileType = wrapper.framework; name = UIKit.framework; path = System/Library/Frameworks/UIKit.framework; sourceTree = SDKROOT; };
		227EE03021C94E4A006B19F0 /* QuartzCore.framework */ = {isa = PBXFileReference; lastKnownFileType = wrapper.framework; name = QuartzCore.framework; path = System/Library/Frameworks/QuartzCore.framework; sourceTree = SDKROOT; };
		227EE03221C94E52006B19F0 /* CoreVideo.framework */ = {isa = PBXFileReference; lastKnownFileType = wrapper.framework; name = CoreVideo.framework; path = System/Library/Frameworks/CoreVideo.framework; sourceTree = SDKROOT; };
		227EE03421C94E5B006B19F0 /* CoreMedia.framework */ = {isa = PBXFileReference; lastKnownFileType = wrapper.framework; name = CoreMedia.framework; path = System/Library/Frameworks/CoreMedia.framework; sourceTree = SDKROOT; };
		227EE03621C94E64006B19F0 /* CoreImage.framework */ = {isa = PBXFileReference; lastKnownFileType = wrapper.framework; name = CoreImage.framework; path = System/Library/Frameworks/CoreImage.framework; sourceTree = SDKROOT; };
		227EE03821C94E6C006B19F0 /* CoreGraphics.framework */ = {isa = PBXFileReference; lastKnownFileType = wrapper.framework; name = CoreGraphics.framework; path = System/Library/Frameworks/CoreGraphics.framework; sourceTree = SDKROOT; };
		227EE03A21C94E74006B19F0 /* AVFoundation.framework */ = {isa = PBXFileReference; lastKnownFileType = wrapper.framework; name = AVFoundation.framework; path = System/Library/Frameworks/AVFoundation.framework; sourceTree = SDKROOT; };
		227EE03C21C94E7B006B19F0 /* AssetsLibrary.framework */ = {isa = PBXFileReference; lastKnownFileType = wrapper.framework; name = AssetsLibrary.framework; path = System/Library/Frameworks/AssetsLibrary.framework; sourceTree = SDKROOT; };
		227EE03E21C94E82006B19F0 /* Accelerate.framework */ = {isa = PBXFileReference; lastKnownFileType = wrapper.framework; name = Accelerate.framework; path = System/Library/Frameworks/Accelerate.framework; sourceTree = SDKROOT; };
		227EE04021C94F07006B19F0 /* PrefixHeader.pch */ = {isa = PBXFileReference; lastKnownFileType = sourcecode.c.h; path = PrefixHeader.pch; sourceTree = "<group>"; };
		22C584F821E64C9600ADEAB6 /* Tray.swift */ = {isa = PBXFileReference; lastKnownFileType = sourcecode.swift; path = Tray.swift; sourceTree = "<group>"; };
		22C584FA21E6554600ADEAB6 /* 123.scn */ = {isa = PBXFileReference; lastKnownFileType = file.bplist; path = 123.scn; sourceTree = "<group>"; };
		22E25AE1220B219500860734 /* opencv2.framework */ = {isa = PBXFileReference; lastKnownFileType = wrapper.framework; name = opencv2.framework; path = ../../../Desktop/Frameworks/Current/opencv2.framework; sourceTree = "<group>"; };
		22E25AE3220B21BB00860734 /* OpenCVWrapper .mm */ = {isa = PBXFileReference; fileEncoding = 4; lastKnownFileType = sourcecode.cpp.objcpp; path = "OpenCVWrapper .mm"; sourceTree = "<group>"; };
		22E25AE5220B21CD00860734 /* OpenCVWrapper.h */ = {isa = PBXFileReference; lastKnownFileType = sourcecode.c.h; path = OpenCVWrapper.h; sourceTree = "<group>"; };
		22E25AE6220B21F900860734 /* CVUtils.h */ = {isa = PBXFileReference; lastKnownFileType = sourcecode.c.h; path = CVUtils.h; sourceTree = "<group>"; };
/* End PBXFileReference section */

/* Begin PBXFrameworksBuildPhase section */
		22174F7121C923F000F4067C /* Frameworks */ = {
			isa = PBXFrameworksBuildPhase;
			buildActionMask = 2147483647;
			files = (
				22E25AE2220B219500860734 /* opencv2.framework in Frameworks */,
				227EE03F21C94E82006B19F0 /* Accelerate.framework in Frameworks */,
				227EE03D21C94E7B006B19F0 /* AssetsLibrary.framework in Frameworks */,
				227EE03B21C94E74006B19F0 /* AVFoundation.framework in Frameworks */,
				227EE03921C94E6C006B19F0 /* CoreGraphics.framework in Frameworks */,
				227EE03721C94E64006B19F0 /* CoreImage.framework in Frameworks */,
				227EE03521C94E5B006B19F0 /* CoreMedia.framework in Frameworks */,
				227EE03321C94E52006B19F0 /* CoreVideo.framework in Frameworks */,
				227EE03121C94E4A006B19F0 /* QuartzCore.framework in Frameworks */,
				227EE02F21C94E42006B19F0 /* UIKit.framework in Frameworks */,
				227EE02D21C94E3A006B19F0 /* Foundation.framework in Frameworks */,
			);
			runOnlyForDeploymentPostprocessing = 0;
		};
		22174F8721C923F300F4067C /* Frameworks */ = {
			isa = PBXFrameworksBuildPhase;
			buildActionMask = 2147483647;
			files = (
			);
			runOnlyForDeploymentPostprocessing = 0;
		};
		22174F9221C923F300F4067C /* Frameworks */ = {
			isa = PBXFrameworksBuildPhase;
			buildActionMask = 2147483647;
			files = (
			);
			runOnlyForDeploymentPostprocessing = 0;
		};
/* End PBXFrameworksBuildPhase section */

/* Begin PBXGroup section */
		22174F6B21C923F000F4067C = {
			isa = PBXGroup;
			children = (
				227EE04021C94F07006B19F0 /* PrefixHeader.pch */,
				22174F7621C923F000F4067C /* TaskManagAR */,
				22174F8D21C923F300F4067C /* TaskManagARTests */,
				22174F9821C923F300F4067C /* TaskManagARUITests */,
				22174F7521C923F000F4067C /* Products */,
				227EE02921C94E2E006B19F0 /* Frameworks */,
			);
			sourceTree = "<group>";
		};
		22174F7521C923F000F4067C /* Products */ = {
			isa = PBXGroup;
			children = (
				22174F7421C923F000F4067C /* TaskManagAR.app */,
				22174F8A21C923F300F4067C /* TaskManagARTests.xctest */,
				22174F9521C923F300F4067C /* TaskManagARUITests.xctest */,
			);
			name = Products;
			sourceTree = "<group>";
		};
		22174F7621C923F000F4067C /* TaskManagAR */ = {
			isa = PBXGroup;
			children = (
				22CB04FF2202FD8100EBE0F8 /* 3d_models */,
				22E25AE3220B21BB00860734 /* OpenCVWrapper .mm */,
				22E25AE6220B21F900860734 /* CVUtils.h */,
				22174F7721C923F000F4067C /* AppDelegate.swift */,
				22E25AE5220B21CD00860734 /* OpenCVWrapper.h */,
				22174F7921C923F000F4067C /* art.scnassets */,
				22174F7B21C923F000F4067C /* ViewController.swift */,
				224C07CD220066B50021EBE5 /* Position_estimate.swift */,
				22C584FC21E655FB00ADEAB6 /* Trays */,
				22C584F821E64C9600ADEAB6 /* Tray.swift */,
				22174F7D21C923F000F4067C /* Main.storyboard */,
				22174F8021C923F200F4067C /* Assets.xcassets */,
				22174F8221C923F200F4067C /* LaunchScreen.storyboard */,
				22174F8521C923F200F4067C /* Info.plist */,
				227EE02521C94D87006B19F0 /* TaskManagAR-Bridging-Header.h */,
			);
			path = TaskManagAR;
			sourceTree = "<group>";
		};
		22174F8D21C923F300F4067C /* TaskManagARTests */ = {
			isa = PBXGroup;
			children = (
				22174F8E21C923F300F4067C /* TaskManagARTests.swift */,
				22174F9021C923F300F4067C /* Info.plist */,
			);
			path = TaskManagARTests;
			sourceTree = "<group>";
		};
		22174F9821C923F300F4067C /* TaskManagARUITests */ = {
			isa = PBXGroup;
			children = (
				22174F9921C923F300F4067C /* TaskManagARUITests.swift */,
				22174F9B21C923F300F4067C /* Info.plist */,
			);
			path = TaskManagARUITests;
			sourceTree = "<group>";
		};
		227EE02921C94E2E006B19F0 /* Frameworks */ = {
			isa = PBXGroup;
			children = (
				22E25AE1220B219500860734 /* opencv2.framework */,
				227EE03E21C94E82006B19F0 /* Accelerate.framework */,
				227EE03C21C94E7B006B19F0 /* AssetsLibrary.framework */,
				227EE03A21C94E74006B19F0 /* AVFoundation.framework */,
				227EE03821C94E6C006B19F0 /* CoreGraphics.framework */,
				227EE03621C94E64006B19F0 /* CoreImage.framework */,
				227EE03421C94E5B006B19F0 /* CoreMedia.framework */,
				227EE03221C94E52006B19F0 /* CoreVideo.framework */,
				227EE03021C94E4A006B19F0 /* QuartzCore.framework */,
				227EE02E21C94E42006B19F0 /* UIKit.framework */,
				227EE02C21C94E3A006B19F0 /* Foundation.framework */,
			);
			name = Frameworks;
			sourceTree = "<group>";
		};
		22C584FC21E655FB00ADEAB6 /* Trays */ = {
			isa = PBXGroup;
			children = (
				22C584FA21E6554600ADEAB6 /* 123.scn */,
			);
			path = Trays;
			sourceTree = "<group>";
		};
		22CB04FF2202FD8100EBE0F8 /* 3d_models */ = {
			isa = PBXGroup;
			children = (
			);
			path = 3d_models;
			sourceTree = "<group>";
		};
/* End PBXGroup section */

/* Begin PBXNativeTarget section */
		22174F7321C923F000F4067C /* TaskManagAR */ = {
			isa = PBXNativeTarget;
			buildConfigurationList = 22174F9E21C923F300F4067C /* Build configuration list for PBXNativeTarget "TaskManagAR" */;
			buildPhases = (
				22174F7021C923F000F4067C /* Sources */,
				22174F7121C923F000F4067C /* Frameworks */,
				22174F7221C923F000F4067C /* Resources */,
			);
			buildRules = (
			);
			dependencies = (
			);
			name = TaskManagAR;
			productName = TaskManagAR;
			productReference = 22174F7421C923F000F4067C /* TaskManagAR.app */;
			productType = "com.apple.product-type.application";
		};
		22174F8921C923F300F4067C /* TaskManagARTests */ = {
			isa = PBXNativeTarget;
			buildConfigurationList = 22174FA121C923F300F4067C /* Build configuration list for PBXNativeTarget "TaskManagARTests" */;
			buildPhases = (
				22174F8621C923F300F4067C /* Sources */,
				22174F8721C923F300F4067C /* Frameworks */,
				22174F8821C923F300F4067C /* Resources */,
			);
			buildRules = (
			);
			dependencies = (
				22174F8C21C923F300F4067C /* PBXTargetDependency */,
			);
			name = TaskManagARTests;
			productName = TaskManagARTests;
			productReference = 22174F8A21C923F300F4067C /* TaskManagARTests.xctest */;
			productType = "com.apple.product-type.bundle.unit-test";
		};
		22174F9421C923F300F4067C /* TaskManagARUITests */ = {
			isa = PBXNativeTarget;
			buildConfigurationList = 22174FA421C923F300F4067C /* Build configuration list for PBXNativeTarget "TaskManagARUITests" */;
			buildPhases = (
				22174F9121C923F300F4067C /* Sources */,
				22174F9221C923F300F4067C /* Frameworks */,
				22174F9321C923F300F4067C /* Resources */,
			);
			buildRules = (
			);
			dependencies = (
				22174F9721C923F300F4067C /* PBXTargetDependency */,
			);
			name = TaskManagARUITests;
			productName = TaskManagARUITests;
			productReference = 22174F9521C923F300F4067C /* TaskManagARUITests.xctest */;
			productType = "com.apple.product-type.bundle.ui-testing";
		};
/* End PBXNativeTarget section */

/* Begin PBXProject section */
		22174F6C21C923F000F4067C /* Project object */ = {
			isa = PBXProject;
			attributes = {
				LastSwiftUpdateCheck = 1010;
				LastUpgradeCheck = 1010;
				ORGANIZATIONNAME = "Thomas Bale";
				TargetAttributes = {
					22174F7321C923F000F4067C = {
						CreatedOnToolsVersion = 10.1;
						LastSwiftMigration = 1010;
					};
					22174F8921C923F300F4067C = {
						CreatedOnToolsVersion = 10.1;
						TestTargetID = 22174F7321C923F000F4067C;
					};
					22174F9421C923F300F4067C = {
						CreatedOnToolsVersion = 10.1;
						TestTargetID = 22174F7321C923F000F4067C;
					};
				};
			};
			buildConfigurationList = 22174F6F21C923F000F4067C /* Build configuration list for PBXProject "TaskManagAR" */;
			compatibilityVersion = "Xcode 9.3";
			developmentRegion = en;
			hasScannedForEncodings = 0;
			knownRegions = (
				en,
				Base,
			);
			mainGroup = 22174F6B21C923F000F4067C;
			productRefGroup = 22174F7521C923F000F4067C /* Products */;
			projectDirPath = "";
			projectRoot = "";
			targets = (
				22174F7321C923F000F4067C /* TaskManagAR */,
				22174F8921C923F300F4067C /* TaskManagARTests */,
				22174F9421C923F300F4067C /* TaskManagARUITests */,
			);
		};
/* End PBXProject section */

/* Begin PBXResourcesBuildPhase section */
		22174F7221C923F000F4067C /* Resources */ = {
			isa = PBXResourcesBuildPhase;
			buildActionMask = 2147483647;
			files = (
				22174F7A21C923F000F4067C /* art.scnassets in Resources */,
				22174F8421C923F200F4067C /* LaunchScreen.storyboard in Resources */,
				22C584FB21E6554600ADEAB6 /* 123.scn in Resources */,
				22174F8121C923F200F4067C /* Assets.xcassets in Resources */,
				22174F7F21C923F000F4067C /* Main.storyboard in Resources */,
			);
			runOnlyForDeploymentPostprocessing = 0;
		};
		22174F8821C923F300F4067C /* Resources */ = {
			isa = PBXResourcesBuildPhase;
			buildActionMask = 2147483647;
			files = (
			);
			runOnlyForDeploymentPostprocessing = 0;
		};
		22174F9321C923F300F4067C /* Resources */ = {
			isa = PBXResourcesBuildPhase;
			buildActionMask = 2147483647;
			files = (
			);
			runOnlyForDeploymentPostprocessing = 0;
		};
/* End PBXResourcesBuildPhase section */

/* Begin PBXSourcesBuildPhase section */
		22174F7021C923F000F4067C /* Sources */ = {
			isa = PBXSourcesBuildPhase;
			buildActionMask = 2147483647;
			files = (
				22174F7C21C923F000F4067C /* ViewController.swift in Sources */,
				22E25AE4220B21BB00860734 /* OpenCVWrapper .mm in Sources */,
				22C584F921E64C9600ADEAB6 /* Tray.swift in Sources */,
				22174F7821C923F000F4067C /* AppDelegate.swift in Sources */,
				224C07CE220066B50021EBE5 /* Position_estimate.swift in Sources */,
			);
			runOnlyForDeploymentPostprocessing = 0;
		};
		22174F8621C923F300F4067C /* Sources */ = {
			isa = PBXSourcesBuildPhase;
			buildActionMask = 2147483647;
			files = (
				22174F8F21C923F300F4067C /* TaskManagARTests.swift in Sources */,
			);
			runOnlyForDeploymentPostprocessing = 0;
		};
		22174F9121C923F300F4067C /* Sources */ = {
			isa = PBXSourcesBuildPhase;
			buildActionMask = 2147483647;
			files = (
				22174F9A21C923F300F4067C /* TaskManagARUITests.swift in Sources */,
			);
			runOnlyForDeploymentPostprocessing = 0;
		};
/* End PBXSourcesBuildPhase section */

/* Begin PBXTargetDependency section */
		22174F8C21C923F300F4067C /* PBXTargetDependency */ = {
			isa = PBXTargetDependency;
			target = 22174F7321C923F000F4067C /* TaskManagAR */;
			targetProxy = 22174F8B21C923F300F4067C /* PBXContainerItemProxy */;
		};
		22174F9721C923F300F4067C /* PBXTargetDependency */ = {
			isa = PBXTargetDependency;
			target = 22174F7321C923F000F4067C /* TaskManagAR */;
			targetProxy = 22174F9621C923F300F4067C /* PBXContainerItemProxy */;
		};
/* End PBXTargetDependency section */

/* Begin PBXVariantGroup section */
		22174F7D21C923F000F4067C /* Main.storyboard */ = {
			isa = PBXVariantGroup;
			children = (
				22174F7E21C923F000F4067C /* Base */,
			);
			name = Main.storyboard;
			sourceTree = "<group>";
		};
		22174F8221C923F200F4067C /* LaunchScreen.storyboard */ = {
			isa = PBXVariantGroup;
			children = (
				22174F8321C923F200F4067C /* Base */,
			);
			name = LaunchScreen.storyboard;
			sourceTree = "<group>";
		};
/* End PBXVariantGroup section */

/* Begin XCBuildConfiguration section */
		22174F9C21C923F300F4067C /* Debug */ = {
			isa = XCBuildConfiguration;
			buildSettings = {
				ALWAYS_SEARCH_USER_PATHS = NO;
				CLANG_ANALYZER_NONNULL = YES;
				CLANG_ANALYZER_NUMBER_OBJECT_CONVERSION = YES_AGGRESSIVE;
				CLANG_CXX_LANGUAGE_STANDARD = "gnu++14";
				CLANG_CXX_LIBRARY = "libc++";
				CLANG_ENABLE_MODULES = YES;
				CLANG_ENABLE_OBJC_ARC = YES;
				CLANG_ENABLE_OBJC_WEAK = YES;
				CLANG_WARN_BLOCK_CAPTURE_AUTORELEASING = YES;
				CLANG_WARN_BOOL_CONVERSION = YES;
				CLANG_WARN_COMMA = YES;
				CLANG_WARN_CONSTANT_CONVERSION = YES;
				CLANG_WARN_DEPRECATED_OBJC_IMPLEMENTATIONS = YES;
				CLANG_WARN_DIRECT_OBJC_ISA_USAGE = YES_ERROR;
				CLANG_WARN_DOCUMENTATION_COMMENTS = YES;
				CLANG_WARN_EMPTY_BODY = YES;
				CLANG_WARN_ENUM_CONVERSION = YES;
				CLANG_WARN_INFINITE_RECURSION = YES;
				CLANG_WARN_INT_CONVERSION = YES;
				CLANG_WARN_NON_LITERAL_NULL_CONVERSION = YES;
				CLANG_WARN_OBJC_IMPLICIT_RETAIN_SELF = YES;
				CLANG_WARN_OBJC_LITERAL_CONVERSION = YES;
				CLANG_WARN_OBJC_ROOT_CLASS = YES_ERROR;
				CLANG_WARN_RANGE_LOOP_ANALYSIS = YES;
				CLANG_WARN_STRICT_PROTOTYPES = YES;
				CLANG_WARN_SUSPICIOUS_MOVE = YES;
				CLANG_WARN_UNGUARDED_AVAILABILITY = YES_AGGRESSIVE;
				CLANG_WARN_UNREACHABLE_CODE = YES;
				CLANG_WARN__DUPLICATE_METHOD_MATCH = YES;
				CODE_SIGN_IDENTITY = "iPhone Developer";
				COPY_PHASE_STRIP = NO;
				DEBUG_INFORMATION_FORMAT = dwarf;
				ENABLE_STRICT_OBJC_MSGSEND = YES;
				ENABLE_TESTABILITY = YES;
				GCC_C_LANGUAGE_STANDARD = gnu11;
				GCC_DYNAMIC_NO_PIC = NO;
				GCC_NO_COMMON_BLOCKS = YES;
				GCC_OPTIMIZATION_LEVEL = 0;
				GCC_PREPROCESSOR_DEFINITIONS = (
					"DEBUG=1",
					"$(inherited)",
				);
				GCC_WARN_64_TO_32_BIT_CONVERSION = YES;
				GCC_WARN_ABOUT_RETURN_TYPE = YES_ERROR;
				GCC_WARN_UNDECLARED_SELECTOR = YES;
				GCC_WARN_UNINITIALIZED_AUTOS = YES_AGGRESSIVE;
				GCC_WARN_UNUSED_FUNCTION = YES;
				GCC_WARN_UNUSED_VARIABLE = YES;
				IPHONEOS_DEPLOYMENT_TARGET = 12.1;
				MTL_ENABLE_DEBUG_INFO = INCLUDE_SOURCE;
				MTL_FAST_MATH = YES;
				ONLY_ACTIVE_ARCH = YES;
				SDKROOT = iphoneos;
				SWIFT_ACTIVE_COMPILATION_CONDITIONS = DEBUG;
				SWIFT_OPTIMIZATION_LEVEL = "-Onone";
			};
			name = Debug;
		};
		22174F9D21C923F300F4067C /* Release */ = {
			isa = XCBuildConfiguration;
			buildSettings = {
				ALWAYS_SEARCH_USER_PATHS = NO;
				CLANG_ANALYZER_NONNULL = YES;
				CLANG_ANALYZER_NUMBER_OBJECT_CONVERSION = YES_AGGRESSIVE;
				CLANG_CXX_LANGUAGE_STANDARD = "gnu++14";
				CLANG_CXX_LIBRARY = "libc++";
				CLANG_ENABLE_MODULES = YES;
				CLANG_ENABLE_OBJC_ARC = YES;
				CLANG_ENABLE_OBJC_WEAK = YES;
				CLANG_WARN_BLOCK_CAPTURE_AUTORELEASING = YES;
				CLANG_WARN_BOOL_CONVERSION = YES;
				CLANG_WARN_COMMA = YES;
				CLANG_WARN_CONSTANT_CONVERSION = YES;
				CLANG_WARN_DEPRECATED_OBJC_IMPLEMENTATIONS = YES;
				CLANG_WARN_DIRECT_OBJC_ISA_USAGE = YES_ERROR;
				CLANG_WARN_DOCUMENTATION_COMMENTS = YES;
				CLANG_WARN_EMPTY_BODY = YES;
				CLANG_WARN_ENUM_CONVERSION = YES;
				CLANG_WARN_INFINITE_RECURSION = YES;
				CLANG_WARN_INT_CONVERSION = YES;
				CLANG_WARN_NON_LITERAL_NULL_CONVERSION = YES;
				CLANG_WARN_OBJC_IMPLICIT_RETAIN_SELF = YES;
				CLANG_WARN_OBJC_LITERAL_CONVERSION = YES;
				CLANG_WARN_OBJC_ROOT_CLASS = YES_ERROR;
				CLANG_WARN_RANGE_LOOP_ANALYSIS = YES;
				CLANG_WARN_STRICT_PROTOTYPES = YES;
				CLANG_WARN_SUSPICIOUS_MOVE = YES;
				CLANG_WARN_UNGUARDED_AVAILABILITY = YES_AGGRESSIVE;
				CLANG_WARN_UNREACHABLE_CODE = YES;
				CLANG_WARN__DUPLICATE_METHOD_MATCH = YES;
				CODE_SIGN_IDENTITY = "iPhone Developer";
				COPY_PHASE_STRIP = NO;
				DEBUG_INFORMATION_FORMAT = "dwarf-with-dsym";
				ENABLE_NS_ASSERTIONS = NO;
				ENABLE_STRICT_OBJC_MSGSEND = YES;
				GCC_C_LANGUAGE_STANDARD = gnu11;
				GCC_NO_COMMON_BLOCKS = YES;
				GCC_WARN_64_TO_32_BIT_CONVERSION = YES;
				GCC_WARN_ABOUT_RETURN_TYPE = YES_ERROR;
				GCC_WARN_UNDECLARED_SELECTOR = YES;
				GCC_WARN_UNINITIALIZED_AUTOS = YES_AGGRESSIVE;
				GCC_WARN_UNUSED_FUNCTION = YES;
				GCC_WARN_UNUSED_VARIABLE = YES;
				IPHONEOS_DEPLOYMENT_TARGET = 12.1;
				MTL_ENABLE_DEBUG_INFO = NO;
				MTL_FAST_MATH = YES;
				SDKROOT = iphoneos;
				SWIFT_COMPILATION_MODE = wholemodule;
				SWIFT_OPTIMIZATION_LEVEL = "-O";
				VALIDATE_PRODUCT = YES;
			};
			name = Release;
		};
		22174F9F21C923F300F4067C /* Debug */ = {
			isa = XCBuildConfiguration;
			buildSettings = {
				ASSETCATALOG_COMPILER_APPICON_NAME = AppIcon;
				CLANG_ENABLE_MODULES = YES;
				CODE_SIGN_STYLE = Automatic;
				DEVELOPMENT_TEAM = 4P6ZYPR98L;
				FRAMEWORK_SEARCH_PATHS = (
					"$(SRCROOT)",
					/Users/thomasbale/Desktop/Frameworks/current,
				);
				GCC_PREFIX_HEADER = "$(SRCROOT)/PrefixHeader.pch";
				INFOPLIST_FILE = TaskManagAR/Info.plist;
				LD_RUNPATH_SEARCH_PATHS = (
					"$(inherited)",
					"@executable_path/Frameworks",
				);
				PRODUCT_BUNDLE_IDENTIFIER = "Thomas-Bale.TaskManagAR";
				PRODUCT_NAME = "$(TARGET_NAME)";
				SWIFT_OBJC_BRIDGING_HEADER = "TaskManagAR/TaskManagAR-Bridging-Header.h";
				SWIFT_OPTIMIZATION_LEVEL = "-Onone";
				SWIFT_VERSION = 4.2;
				TARGETED_DEVICE_FAMILY = "1,2";
			};
			name = Debug;
		};
		22174FA021C923F300F4067C /* Release */ = {
			isa = XCBuildConfiguration;
			buildSettings = {
				ASSETCATALOG_COMPILER_APPICON_NAME = AppIcon;
				CLANG_ENABLE_MODULES = YES;
				CODE_SIGN_STYLE = Automatic;
				DEVELOPMENT_TEAM = 4P6ZYPR98L;
				FRAMEWORK_SEARCH_PATHS = (
					"$(SRCROOT)",
					/Users/thomasbale/Desktop/Frameworks/current,
				);
				GCC_PREFIX_HEADER = "$(SRCROOT)/PrefixHeader.pch";
				INFOPLIST_FILE = TaskManagAR/Info.plist;
				LD_RUNPATH_SEARCH_PATHS = (
					"$(inherited)",
					"@executable_path/Frameworks",
				);
				PRODUCT_BUNDLE_IDENTIFIER = "Thomas-Bale.TaskManagAR";
				PRODUCT_NAME = "$(TARGET_NAME)";
				SWIFT_OBJC_BRIDGING_HEADER = "TaskManagAR/TaskManagAR-Bridging-Header.h";
				SWIFT_VERSION = 4.2;
				TARGETED_DEVICE_FAMILY = "1,2";
			};
			name = Release;
		};
		22174FA221C923F300F4067C /* Debug */ = {
			isa = XCBuildConfiguration;
			buildSettings = {
				ALWAYS_EMBED_SWIFT_STANDARD_LIBRARIES = YES;
				BUNDLE_LOADER = "$(TEST_HOST)";
				CODE_SIGN_STYLE = Automatic;
				DEVELOPMENT_TEAM = 4P6ZYPR98L;
				INFOPLIST_FILE = TaskManagARTests/Info.plist;
				LD_RUNPATH_SEARCH_PATHS = (
					"$(inherited)",
					"@executable_path/Frameworks",
					"@loader_path/Frameworks",
				);
				PRODUCT_BUNDLE_IDENTIFIER = "Thomas-Bale.TaskManagARTests";
				PRODUCT_NAME = "$(TARGET_NAME)";
				SWIFT_VERSION = 4.2;
				TARGETED_DEVICE_FAMILY = "1,2";
				TEST_HOST = "$(BUILT_PRODUCTS_DIR)/TaskManagAR.app/TaskManagAR";
			};
			name = Debug;
		};
		22174FA321C923F300F4067C /* Release */ = {
			isa = XCBuildConfiguration;
			buildSettings = {
				ALWAYS_EMBED_SWIFT_STANDARD_LIBRARIES = YES;
				BUNDLE_LOADER = "$(TEST_HOST)";
				CODE_SIGN_STYLE = Automatic;
				DEVELOPMENT_TEAM = 4P6ZYPR98L;
				INFOPLIST_FILE = TaskManagARTests/Info.plist;
				LD_RUNPATH_SEARCH_PATHS = (
					"$(inherited)",
					"@executable_path/Frameworks",
					"@loader_path/Frameworks",
				);
				PRODUCT_BUNDLE_IDENTIFIER = "Thomas-Bale.TaskManagARTests";
				PRODUCT_NAME = "$(TARGET_NAME)";
				SWIFT_VERSION = 4.2;
				TARGETED_DEVICE_FAMILY = "1,2";
				TEST_HOST = "$(BUILT_PRODUCTS_DIR)/TaskManagAR.app/TaskManagAR";
			};
			name = Release;
		};
		22174FA521C923F300F4067C /* Debug */ = {
			isa = XCBuildConfiguration;
			buildSettings = {
				ALWAYS_EMBED_SWIFT_STANDARD_LIBRARIES = YES;
				CODE_SIGN_STYLE = Automatic;
				DEVELOPMENT_TEAM = 4P6ZYPR98L;
				INFOPLIST_FILE = TaskManagARUITests/Info.plist;
				LD_RUNPATH_SEARCH_PATHS = (
					"$(inherited)",
					"@executable_path/Frameworks",
					"@loader_path/Frameworks",
				);
				PRODUCT_BUNDLE_IDENTIFIER = "Thomas-Bale.TaskManagARUITests";
				PRODUCT_NAME = "$(TARGET_NAME)";
				SWIFT_VERSION = 4.2;
				TARGETED_DEVICE_FAMILY = "1,2";
				TEST_TARGET_NAME = TaskManagAR;
			};
			name = Debug;
		};
		22174FA621C923F300F4067C /* Release */ = {
			isa = XCBuildConfiguration;
			buildSettings = {
				ALWAYS_EMBED_SWIFT_STANDARD_LIBRARIES = YES;
				CODE_SIGN_STYLE = Automatic;
				DEVELOPMENT_TEAM = 4P6ZYPR98L;
				INFOPLIST_FILE = TaskManagARUITests/Info.plist;
				LD_RUNPATH_SEARCH_PATHS = (
					"$(inherited)",
					"@executable_path/Frameworks",
					"@loader_path/Frameworks",
				);
				PRODUCT_BUNDLE_IDENTIFIER = "Thomas-Bale.TaskManagARUITests";
				PRODUCT_NAME = "$(TARGET_NAME)";
				SWIFT_VERSION = 4.2;
				TARGETED_DEVICE_FAMILY = "1,2";
				TEST_TARGET_NAME = TaskManagAR;
			};
			name = Release;
		};
/* End XCBuildConfiguration section */

/* Begin XCConfigurationList section */
		22174F6F21C923F000F4067C /* Build configuration list for PBXProject "TaskManagAR" */ = {
			isa = XCConfigurationList;
			buildConfigurations = (
				22174F9C21C923F300F4067C /* Debug */,
				22174F9D21C923F300F4067C /* Release */,
			);
			defaultConfigurationIsVisible = 0;
			defaultConfigurationName = Release;
		};
		22174F9E21C923F300F4067C /* Build configuration list for PBXNativeTarget "TaskManagAR" */ = {
			isa = XCConfigurationList;
			buildConfigurations = (
				22174F9F21C923F300F4067C /* Debug */,
				22174FA021C923F300F4067C /* Release */,
			);
			defaultConfigurationIsVisible = 0;
			defaultConfigurationName = Release;
		};
		22174FA121C923F300F4067C /* Build configuration list for PBXNativeTarget "TaskManagARTests" */ = {
			isa = XCConfigurationList;
			buildConfigurations = (
				22174FA221C923F300F4067C /* Debug */,
				22174FA321C923F300F4067C /* Release */,
			);
			defaultConfigurationIsVisible = 0;
			defaultConfigurationName = Release;
		};
		22174FA421C923F300F4067C /* Build configuration list for PBXNativeTarget "TaskManagARUITests" */ = {
			isa = XCConfigurationList;
			buildConfigurations = (
				22174FA521C923F300F4067C /* Debug */,
				22174FA621C923F300F4067C /* Release */,
			);
			defaultConfigurationIsVisible = 0;
			defaultConfigurationName = Release;
		};
/* End XCConfigurationList section */
	};
	rootObject = 22174F6C21C923F000F4067C /* Project object */;
}
